
Microsoft Visual Studio Solution File, Format Version 12.00
# Visual Studio Version 17
VisualStudioVersion = 17.0.31919.166
MinimumVisualStudioVersion = 10.0.40219.1
Project("{778DAE3C-4631-46EA-AA49-85D183D3D3C9}") = "PceEmu", "PceEmu.vbproj", "{A1B2C3D4-E5F6-47G8-9H0I-1J2K3L4M5N6O}"
EndProject
Global
	GlobalSection(SolutionConfigurationPlatforms) = preSolution
		Debug|Any CPU = Debug|Any CPU
		Release|Any CPU = Release|Any CPU
	EndGlobalSection
	GlobalSection(ProjectConfigurationPlatforms) = postSolution
		{A1B2C3D4-E5F6-47G8-9H0I-1J2K3L4M5N6O}.Debug|Any CPU.ActiveCfg = Debug|Any CPU
		{A1B2C3D4-E5F6-47G8-9H0I-1J2K3L4M5N6O}.Debug|Any CPU.Build.0 = Debug|Any CPU
		{A1B2C3D4-E5F6-47G8-9H0I-1J2K3L4M5N6O}.Release|Any CPU.ActiveCfg = Release|Any CPU
		{A1B2C3D4-E5F6-47G8-9H0I-1J2K3L4M5N6O}.Release|Any CPU.Build.0 = Release|Any CPU
	EndGlobalSection
EndGlobal
